// !$*UTF8*$!
{
	archiveVersion = 1;
	classes = {
	};
	objectVersion = 55;
	objects = {

/* Begin PBXBuildFile section */
		B89198232746674B00262187 /* AppDelegate.swift in Sources */ = {isa = PBXBuildFile; fileRef = B89198222746674B00262187 /* AppDelegate.swift */; };
		B89198252746674C00262187 /* SceneDelegate.swift in Sources */ = {isa = PBXBuildFile; fileRef = B89198242746674C00262187 /* SceneDelegate.swift */; };
		B89198272746674C00262187 /* ViewController.swift in Sources */ = {isa = PBXBuildFile; fileRef = B89198262746674C00262187 /* ViewController.swift */; };
		B891982A2746674C00262187 /* Main.storyboard in Resources */ = {isa = PBXBuildFile; fileRef = B89198282746674C00262187 /* Main.storyboard */; };
		B891982C2746674F00262187 /* Assets.xcassets in Resources */ = {isa = PBXBuildFile; fileRef = B891982B2746674F00262187 /* Assets.xcassets */; };
		B891982F2746674F00262187 /* LaunchScreen.storyboard in Resources */ = {isa = PBXBuildFile; fileRef = B891982D2746674F00262187 /* LaunchScreen.storyboard */; };
		B891984127466C4B00262187 /* nssl0049.jpg in Resources */ = {isa = PBXBuildFile; fileRef = B891983727466C4B00262187 /* nssl0049.jpg */; };
		B891984227466C4B00262187 /* nssl0046.jpg in Resources */ = {isa = PBXBuildFile; fileRef = B891983827466C4B00262187 /* nssl0046.jpg */; };
		B891984327466C4B00262187 /* nssl0091.jpg in Resources */ = {isa = PBXBuildFile; fileRef = B891983927466C4B00262187 /* nssl0091.jpg */; };
		B891984427466C4B00262187 /* nssl0045.jpg in Resources */ = {isa = PBXBuildFile; fileRef = B891983A27466C4B00262187 /* nssl0045.jpg */; };
		B891984527466C4B00262187 /* nssl0051.jpg in Resources */ = {isa = PBXBuildFile; fileRef = B891983B27466C4B00262187 /* nssl0051.jpg */; };
		B891984627466C4B00262187 /* nssl0041.jpg in Resources */ = {isa = PBXBuildFile; fileRef = B891983C27466C4B00262187 /* nssl0041.jpg */; };
		B891984727466C4B00262187 /* nssl0042.jpg in Resources */ = {isa = PBXBuildFile; fileRef = B891983D27466C4B00262187 /* nssl0042.jpg */; };
		B891984827466C4B00262187 /* nssl0043.jpg in Resources */ = {isa = PBXBuildFile; fileRef = B891983E27466C4B00262187 /* nssl0043.jpg */; };
		B891984927466C4B00262187 /* nssl0033.jpg in Resources */ = {isa = PBXBuildFile; fileRef = B891983F27466C4B00262187 /* nssl0033.jpg */; };
		B891984A27466C4B00262187 /* nssl0034.jpg in Resources */ = {isa = PBXBuildFile; fileRef = B891984027466C4B00262187 /* nssl0034.jpg */; };
		B8FAB0FE2749259C007989D7 /* DetailViewController.swift in Sources */ = {isa = PBXBuildFile; fileRef = B8FAB0FD2749259C007989D7 /* DetailViewController.swift */; };
/* End PBXBuildFile section */

/* Begin PBXFileReference section */
		B891981F2746674B00262187 /* Project1.app */ = {isa = PBXFileReference; explicitFileType = wrapper.application; includeInIndex = 0; path = Project1.app; sourceTree = BUILT_PRODUCTS_DIR; };
		B89198222746674B00262187 /* AppDelegate.swift */ = {isa = PBXFileReference; lastKnownFileType = sourcecode.swift; path = AppDelegate.swift; sourceTree = "<group>"; };
		B89198242746674C00262187 /* SceneDelegate.swift */ = {isa = PBXFileReference; lastKnownFileType = sourcecode.swift; path = SceneDelegate.swift; sourceTree = "<group>"; };
		B89198262746674C00262187 /* ViewController.swift */ = {isa = PBXFileReference; lastKnownFileType = sourcecode.swift; path = ViewController.swift; sourceTree = "<group>"; };
		B89198292746674C00262187 /* Base */ = {isa = PBXFileReference; lastKnownFileType = file.storyboard; name = Base; path = Base.lproj/Main.storyboard; sourceTree = "<group>"; };
		B891982B2746674F00262187 /* Assets.xcassets */ = {isa = PBXFileReference; lastKnownFileType = folder.assetcatalog; path = Assets.xcassets; sourceTree = "<group>"; };
		B891982E2746674F00262187 /* Base */ = {isa = PBXFileReference; lastKnownFileType = file.storyboard; name = Base; path = Base.lproj/LaunchScreen.storyboard; sourceTree = "<group>"; };
		B89198302746674F00262187 /* Info.plist */ = {isa = PBXFileReference; lastKnownFileType = text.plist.xml; path = Info.plist; sourceTree = "<group>"; };
		B891983727466C4B00262187 /* nssl0049.jpg */ = {isa = PBXFileReference; lastKnownFileType = image.jpeg; path = nssl0049.jpg; sourceTree = "<group>"; };
		B891983827466C4B00262187 /* nssl0046.jpg */ = {isa = PBXFileReference; lastKnownFileType = image.jpeg; path = nssl0046.jpg; sourceTree = "<group>"; };
		B891983927466C4B00262187 /* nssl0091.jpg */ = {isa = PBXFileReference; lastKnownFileType = image.jpeg; path = nssl0091.jpg; sourceTree = "<group>"; };
		B891983A27466C4B00262187 /* nssl0045.jpg */ = {isa = PBXFileReference; lastKnownFileType = image.jpeg; path = nssl0045.jpg; sourceTree = "<group>"; };
		B891983B27466C4B00262187 /* nssl0051.jpg */ = {isa = PBXFileReference; lastKnownFileType = image.jpeg; path = nssl0051.jpg; sourceTree = "<group>"; };
		B891983C27466C4B00262187 /* nssl0041.jpg */ = {isa = PBXFileReference; lastKnownFileType = image.jpeg; path = nssl0041.jpg; sourceTree = "<group>"; };
		B891983D27466C4B00262187 /* nssl0042.jpg */ = {isa = PBXFileReference; lastKnownFileType = image.jpeg; path = nssl0042.jpg; sourceTree = "<group>"; };
		B891983E27466C4B00262187 /* nssl0043.jpg */ = {isa = PBXFileReference; lastKnownFileType = image.jpeg; path = nssl0043.jpg; sourceTree = "<group>"; };
		B891983F27466C4B00262187 /* nssl0033.jpg */ = {isa = PBXFileReference; lastKnownFileType = image.jpeg; path = nssl0033.jpg; sourceTree = "<group>"; };
		B891984027466C4B00262187 /* nssl0034.jpg */ = {isa = PBXFileReference; lastKnownFileType = image.jpeg; path = nssl0034.jpg; sourceTree = "<group>"; };
		B8FAB0FD2749259C007989D7 /* DetailViewController.swift */ = {isa = PBXFileReference; lastKnownFileType = sourcecode.swift; path = DetailViewController.swift; sourceTree = "<group>"; };
/* End PBXFileReference section */

/* Begin PBXFrameworksBuildPhase section */
		B891981C2746674A00262187 /* Frameworks */ = {
			isa = PBXFrameworksBuildPhase;
			buildActionMask = 2147483647;
			files = (
			);
			runOnlyForDeploymentPostprocessing = 0;
		};
/* End PBXFrameworksBuildPhase section */

/* Begin PBXGroup section */
		B89198162746674A00262187 = {
			isa = PBXGroup;
			children = (
				B8FAB0FD2749259C007989D7 /* DetailViewController.swift */,
				B89198212746674B00262187 /* Project1 */,
				B89198202746674B00262187 /* Products */,
			);
			sourceTree = "<group>";
		};
		B89198202746674B00262187 /* Products */ = {
			isa = PBXGroup;
			children = (
				B891981F2746674B00262187 /* Project1.app */,
			);
			name = Products;
			sourceTree = "<group>";
		};
		B89198212746674B00262187 /* Project1 */ = {
			isa = PBXGroup;
			children = (
				B89198222746674B00262187 /* AppDelegate.swift */,
				B89198242746674C00262187 /* SceneDelegate.swift */,
				B89198262746674C00262187 /* ViewController.swift */,
				B89198282746674C00262187 /* Main.storyboard */,
				B891982B2746674F00262187 /* Assets.xcassets */,
				B891982D2746674F00262187 /* LaunchScreen.storyboard */,
				B89198302746674F00262187 /* Info.plist */,
				B891983627466C4B00262187 /* Content */,
			);
			path = Project1;
			sourceTree = "<group>";
		};
		B891983627466C4B00262187 /* Content */ = {
			isa = PBXGroup;
			children = (
				B891983727466C4B00262187 /* nssl0049.jpg */,
				B891983827466C4B00262187 /* nssl0046.jpg */,
				B891983927466C4B00262187 /* nssl0091.jpg */,
				B891983A27466C4B00262187 /* nssl0045.jpg */,
				B891983B27466C4B00262187 /* nssl0051.jpg */,
				B891983C27466C4B00262187 /* nssl0041.jpg */,
				B891983D27466C4B00262187 /* nssl0042.jpg */,
				B891983E27466C4B00262187 /* nssl0043.jpg */,
				B891983F27466C4B00262187 /* nssl0033.jpg */,
				B891984027466C4B00262187 /* nssl0034.jpg */,
			);
			path = Content;
			sourceTree = "<group>";
		};
/* End PBXGroup section */

/* Begin PBXNativeTarget section */
		B891981E2746674A00262187 /* Project1 */ = {
			isa = PBXNativeTarget;
			buildConfigurationList = B89198332746674F00262187 /* Build configuration list for PBXNativeTarget "Project1" */;
			buildPhases = (
				B891981B2746674A00262187 /* Sources */,
				B891981C2746674A00262187 /* Frameworks */,
				B891981D2746674A00262187 /* Resources */,
			);
			buildRules = (
			);
			dependencies = (
			);
			name = Project1;
			productName = Project1;
			productReference = B891981F2746674B00262187 /* Project1.app */;
			productType = "com.apple.product-type.application";
		};
/* End PBXNativeTarget section */

/* Begin PBXProject section */
		B89198172746674A00262187 /* Project object */ = {
			isa = PBXProject;
			attributes = {
				BuildIndependentTargetsInParallel = 1;
				LastSwiftUpdateCheck = 1310;
				LastUpgradeCheck = 1310;
				TargetAttributes = {
					B891981E2746674A00262187 = {
						CreatedOnToolsVersion = 13.1;
					};
				};
			};
			buildConfigurationList = B891981A2746674A00262187 /* Build configuration list for PBXProject "Project1" */;
			compatibilityVersion = "Xcode 13.0";
			developmentRegion = en;
			hasScannedForEncodings = 0;
			knownRegions = (
				en,
				Base,
			);
			mainGroup = B89198162746674A00262187;
			productRefGroup = B89198202746674B00262187 /* Products */;
			projectDirPath = "";
			projectRoot = "";
			targets = (
				B891981E2746674A00262187 /* Project1 */,
			);
		};
/* End PBXProject section */

/* Begin PBXResourcesBuildPhase section */
		B891981D2746674A00262187 /* Resources */ = {
			isa = PBXResourcesBuildPhase;
			buildActionMask = 2147483647;
			files = (
				B891984227466C4B00262187 /* nssl0046.jpg in Resources */,
				B891984927466C4B00262187 /* nssl0033.jpg in Resources */,
				B891984527466C4B00262187 /* nssl0051.jpg in Resources */,
				B891984327466C4B00262187 /* nssl0091.jpg in Resources */,
				B891984827466C4B00262187 /* nssl0043.jpg in Resources */,
				B891984A27466C4B00262187 /* nssl0034.jpg in Resources */,
				B891984127466C4B00262187 /* nssl0049.jpg in Resources */,
				B891984627466C4B00262187 /* nssl0041.jpg in Resources */,
				B891984727466C4B00262187 /* nssl0042.jpg in Resources */,
				B891982F2746674F00262187 /* LaunchScreen.storyboard in Resources */,
				B891982C2746674F00262187 /* Assets.xcassets in Resources */,
				B891984427466C4B00262187 /* nssl0045.jpg in Resources */,
				B891982A2746674C00262187 /* Main.storyboard in Resources */,
			);
			runOnlyForDeploymentPostprocessing = 0;
		};
/* End PBXResourcesBuildPhase section */

/* Begin PBXSourcesBuildPhase section */
		B891981B2746674A00262187 /* Sources */ = {
			isa = PBXSourcesBuildPhase;
			buildActionMask = 2147483647;
			files = (
				B89198272746674C00262187 /* ViewController.swift in Sources */,
				B89198232746674B00262187 /* AppDelegate.swift in Sources */,
				B89198252746674C00262187 /* SceneDelegate.swift in Sources */,
				B8FAB0FE2749259C007989D7 /* DetailViewController.swift in Sources */,
			);
			runOnlyForDeploymentPostprocessing = 0;
		};
/* End PBXSourcesBuildPhase section */

/* Begin PBXVariantGroup section */
		B89198282746674C00262187 /* Main.storyboard */ = {
			isa = PBXVariantGroup;
			children = (
				B89198292746674C00262187 /* Base */,
			);
			name = Main.storyboard;
			sourceTree = "<group>";
		};
		B891982D2746674F00262187 /* LaunchScreen.storyboard */ = {
			isa = PBXVariantGroup;
			children = (
				B891982E2746674F00262187 /* Base */,
			);
			name = LaunchScreen.storyboard;
			sourceTree = "<group>";
		};
/* End PBXVariantGroup section */

/* Begin XCBuildConfiguration section */
		B89198312746674F00262187 /* Debug */ = {
			isa = XCBuildConfiguration;
			buildSettings = {
				ALWAYS_SEARCH_USER_PATHS = NO;
				CLANG_ANALYZER_NONNULL = YES;
				CLANG_ANALYZER_NUMBER_OBJECT_CONVERSION = YES_AGGRESSIVE;
				CLANG_CXX_LANGUAGE_STANDARD = "gnu++17";
				CLANG_CXX_LIBRARY = "libc++";
				CLANG_ENABLE_MODULES = YES;
				CLANG_ENABLE_OBJC_ARC = YES;
				CLANG_ENABLE_OBJC_WEAK = YES;
				CLANG_WARN_BLOCK_CAPTURE_AUTORELEASING = YES;
				CLANG_WARN_BOOL_CONVERSION = YES;
				CLANG_WARN_COMMA = YES;
				CLANG_WARN_CONSTANT_CONVERSION = YES;
				CLANG_WARN_DEPRECATED_OBJC_IMPLEMENTATIONS = YES;
				CLANG_WARN_DIRECT_OBJC_ISA_USAGE = YES_ERROR;
				CLANG_WARN_DOCUMENTATION_COMMENTS = YES;
				CLANG_WARN_EMPTY_BODY = YES;
				CLANG_WARN_ENUM_CONVERSION = YES;
				CLANG_WARN_INFINITE_RECURSION = YES;
				CLANG_WARN_INT_CONVERSION = YES;
				CLANG_WARN_NON_LITERAL_NULL_CONVERSION = YES;
				CLANG_WARN_OBJC_IMPLICIT_RETAIN_SELF = YES;
				CLANG_WARN_OBJC_LITERAL_CONVERSION = YES;
				CLANG_WARN_OBJC_ROOT_CLASS = YES_ERROR;
				CLANG_WARN_QUOTED_INCLUDE_IN_FRAMEWORK_HEADER = YES;
				CLANG_WARN_RANGE_LOOP_ANALYSIS = YES;
				CLANG_WARN_STRICT_PROTOTYPES = YES;
				CLANG_WARN_SUSPICIOUS_MOVE = YES;
				CLANG_WARN_UNGUARDED_AVAILABILITY = YES_AGGRESSIVE;
				CLANG_WARN_UNREACHABLE_CODE = YES;
				CLANG_WARN__DUPLICATE_METHOD_MATCH = YES;
				COPY_PHASE_STRIP = NO;
				DEBUG_INFORMATION_FORMAT = dwarf;
				ENABLE_STRICT_OBJC_MSGSEND = YES;
				ENABLE_TESTABILITY = YES;
				GCC_C_LANGUAGE_STANDARD = gnu11;
				GCC_DYNAMIC_NO_PIC = NO;
				GCC_NO_COMMON_BLOCKS = YES;
				GCC_OPTIMIZATION_LEVEL = 0;
				GCC_PREPROCESSOR_DEFINITIONS = (
					"DEBUG=1",
					"$(inherited)",
				);
				GCC_WARN_64_TO_32_BIT_CONVERSION = YES;
				GCC_WARN_ABOUT_RETURN_TYPE = YES_ERROR;
				GCC_WARN_UNDECLARED_SELECTOR = YES;
				GCC_WARN_UNINITIALIZED_AUTOS = YES_AGGRESSIVE;
				GCC_WARN_UNUSED_FUNCTION = YES;
				GCC_WARN_UNUSED_VARIABLE = YES;
				IPHONEOS_DEPLOYMENT_TARGET = 15.0;
				MTL_ENABLE_DEBUG_INFO = INCLUDE_SOURCE;
				MTL_FAST_MATH = YES;
				ONLY_ACTIVE_ARCH = YES;
				SDKROOT = iphoneos;
				SWIFT_ACTIVE_COMPILATION_CONDITIONS = DEBUG;
				SWIFT_OPTIMIZATION_LEVEL = "-Onone";
			};
			name = Debug;
		};
		B89198322746674F00262187 /* Release */ = {
			isa = XCBuildConfiguration;
			buildSettings = {
				ALWAYS_SEARCH_USER_PATHS = NO;
				CLANG_ANALYZER_NONNULL = YES;
				CLANG_ANALYZER_NUMBER_OBJECT_CONVERSION = YES_AGGRESSIVE;
				CLANG_CXX_LANGUAGE_STANDARD = "gnu++17";
				CLANG_CXX_LIBRARY = "libc++";
				CLANG_ENABLE_MODULES = YES;
				CLANG_ENABLE_OBJC_ARC = YES;
				CLANG_ENABLE_OBJC_WEAK = YES;
				CLANG_WARN_BLOCK_CAPTURE_AUTORELEASING = YES;
				CLANG_WARN_BOOL_CONVERSION = YES;
				CLANG_WARN_COMMA = YES;
				CLANG_WARN_CONSTANT_CONVERSION = YES;
				CLANG_WARN_DEPRECATED_OBJC_IMPLEMENTATIONS = YES;
				CLANG_WARN_DIRECT_OBJC_ISA_USAGE = YES_ERROR;
				CLANG_WARN_DOCUMENTATION_COMMENTS = YES;
				CLANG_WARN_EMPTY_BODY = YES;
				CLANG_WARN_ENUM_CONVERSION = YES;
				CLANG_WARN_INFINITE_RECURSION = YES;
				CLANG_WARN_INT_CONVERSION = YES;
				CLANG_WARN_NON_LITERAL_NULL_CONVERSION = YES;
				CLANG_WARN_OBJC_IMPLICIT_RETAIN_SELF = YES;
				CLANG_WARN_OBJC_LITERAL_CONVERSION = YES;
				CLANG_WARN_OBJC_ROOT_CLASS = YES_ERROR;
				CLANG_WARN_QUOTED_INCLUDE_IN_FRAMEWORK_HEADER = YES;
				CLANG_WARN_RANGE_LOOP_ANALYSIS = YES;
				CLANG_WARN_STRICT_PROTOTYPES = YES;
				CLANG_WARN_SUSPICIOUS_MOVE = YES;
				CLANG_WARN_UNGUARDED_AVAILABILITY = YES_AGGRESSIVE;
				CLANG_WARN_UNREACHABLE_CODE = YES;
				CLANG_WARN__DUPLICATE_METHOD_MATCH = YES;
				COPY_PHASE_STRIP = NO;
				DEBUG_INFORMATION_FORMAT = "dwarf-with-dsym";
				ENABLE_NS_ASSERTIONS = NO;
				ENABLE_STRICT_OBJC_MSGSEND = YES;
				GCC_C_LANGUAGE_STANDARD = gnu11;
				GCC_NO_COMMON_BLOCKS = YES;
				GCC_WARN_64_TO_32_BIT_CONVERSION = YES;
				GCC_WARN_ABOUT_RETURN_TYPE = YES_ERROR;
				GCC_WARN_UNDECLARED_SELECTOR = YES;
				GCC_WARN_UNINITIALIZED_AUTOS = YES_AGGRESSIVE;
				GCC_WARN_UNUSED_FUNCTION = YES;
				GCC_WARN_UNUSED_VARIABLE = YES;
				IPHONEOS_DEPLOYMENT_TARGET = 15.0;
				MTL_ENABLE_DEBUG_INFO = NO;
				MTL_FAST_MATH = YES;
				SDKROOT = iphoneos;
				SWIFT_COMPILATION_MODE = wholemodule;
				SWIFT_OPTIMIZATION_LEVEL = "-O";
				VALIDATE_PRODUCT = YES;
			};
			name = Release;
		};
		B89198342746674F00262187 /* Debug */ = {
			isa = XCBuildConfiguration;
			buildSettings = {
				ASSETCATALOG_COMPILER_APPICON_NAME = AppIcon;
				ASSETCATALOG_COMPILER_GLOBAL_ACCENT_COLOR_NAME = AccentColor;
				CODE_SIGN_STYLE = Automatic;
				CURRENT_PROJECT_VERSION = 1;
				DEVELOPMENT_TEAM = 8X7MLERU8X;
				GENERATE_INFOPLIST_FILE = YES;
				INFOPLIST_FILE = Project1/Info.plist;
				INFOPLIST_KEY_UIApplicationSupportsIndirectInputEvents = YES;
				INFOPLIST_KEY_UILaunchStoryboardName = LaunchScreen;
				INFOPLIST_KEY_UIMainStoryboardFile = Main;
				INFOPLIST_KEY_UISupportedInterfaceOrientations_iPad = "UIInterfaceOrientationPortrait UIInterfaceOrientationPortraitUpsideDown UIInterfaceOrientationLandscapeLeft UIInterfaceOrientationLandscapeRight";
				INFOPLIST_KEY_UISupportedInterfaceOrientations_iPhone = "UIInterfaceOrientationPortrait UIInterfaceOrientationLandscapeLeft UIInterfaceOrientationLandscapeRight";
				LD_RUNPATH_SEARCH_PATHS = (
					"$(inherited)",
					"@executable_path/Frameworks",
				);
				MARKETING_VERSION = 1.0;
				PRODUCT_BUNDLE_IDENTIFIER = EPJr.Project1;
				PRODUCT_NAME = "$(TARGET_NAME)";
				SWIFT_EMIT_LOC_STRINGS = YES;
				SWIFT_VERSION = 5.0;
				TARGETED_DEVICE_FAMILY = 1;
			};
			name = Debug;
		};
		B89198352746674F00262187 /* Release */ = {
			isa = XCBuildConfiguration;
			buildSettings = {
				ASSETCATALOG_COMPILER_APPICON_NAME = AppIcon;
				ASSETCATALOG_COMPILER_GLOBAL_ACCENT_COLOR_NAME = AccentColor;
				CODE_SIGN_STYLE = Automatic;
				CURRENT_PROJECT_VERSION = 1;
				DEVELOPMENT_TEAM = 8X7MLERU8X;
				GENERATE_INFOPLIST_FILE = YES;
				INFOPLIST_FILE = Project1/Info.plist;
				INFOPLIST_KEY_UIApplicationSupportsIndirectInputEvents = YES;
				INFOPLIST_KEY_UILaunchStoryboardName = LaunchScreen;
				INFOPLIST_KEY_UIMainStoryboardFile = Main;
				INFOPLIST_KEY_UISupportedInterfaceOrientations_iPad = "UIInterfaceOrientationPortrait UIInterfaceOrientationPortraitUpsideDown UIInterfaceOrientationLandscapeLeft UIInterfaceOrientationLandscapeRight";
				INFOPLIST_KEY_UISupportedInterfaceOrientations_iPhone = "UIInterfaceOrientationPortrait UIInterfaceOrientationLandscapeLeft UIInterfaceOrientationLandscapeRight";
				LD_RUNPATH_SEARCH_PATHS = (
					"$(inherited)",
					"@executable_path/Frameworks",
				);
				MARKETING_VERSION = 1.0;
				PRODUCT_BUNDLE_IDENTIFIER = EPJr.Project1;
				PRODUCT_NAME = "$(TARGET_NAME)";
				SWIFT_EMIT_LOC_STRINGS = YES;
				SWIFT_VERSION = 5.0;
				TARGETED_DEVICE_FAMILY = 1;
			};
			name = Release;
		};
/* End XCBuildConfiguration section */

/* Begin XCConfigurationList section */
		B891981A2746674A00262187 /* Build configuration list for PBXProject "Project1" */ = {
			isa = XCConfigurationList;
			buildConfigurations = (
				B89198312746674F00262187 /* Debug */,
				B89198322746674F00262187 /* Release */,
			);
			defaultConfigurationIsVisible = 0;
			defaultConfigurationName = Release;
		};
		B89198332746674F00262187 /* Build configuration list for PBXNativeTarget "Project1" */ = {
			isa = XCConfigurationList;
			buildConfigurations = (
				B89198342746674F00262187 /* Debug */,
				B89198352746674F00262187 /* Release */,
			);
			defaultConfigurationIsVisible = 0;
			defaultConfigurationName = Release;
		};
/* End XCConfigurationList section */
	};
	rootObject = B89198172746674A00262187 /* Project object */;
}
